
Microsoft Visual Studio Solution File, Format Version 12.00
# Visual Studio Version 17
VisualStudioVersion = 17.4.33213.308
MinimumVisualStudioVersion = 10.0.40219.1
Project("{FAE04EC0-301F-11D3-BF4B-00C04F79EFBC}") = "Piece", "Piece\Piece.csproj", "{860FB9A3-DBEC-470A-858B-535A1842BE97}"
EndProject
Global
	GlobalSection(SolutionConfigurationPlatforms) = preSolution
		Debug|Any CPU = Debug|Any CPU
		Release|Any CPU = Release|Any CPU
	EndGlobalSection
	GlobalSection(ProjectConfigurationPlatforms) = postSolution
		{860FB9A3-DBEC-470A-858B-535A1842BE97}.Debug|Any CPU.ActiveCfg = Debug|Any CPU
		{860FB9A3-DBEC-470A-858B-535A1842BE97}.Debug|Any CPU.Build.0 = Debug|Any CPU
		{860FB9A3-DBEC-470A-858B-535A1842BE97}.Release|Any CPU.ActiveCfg = Release|Any CPU
		{860FB9A3-DBEC-470A-858B-535A1842BE97}.Release|Any CPU.Build.0 = Release|Any CPU
	EndGlobalSection
	GlobalSection(SolutionProperties) = preSolution
		HideSolutionNode = FALSE
	EndGlobalSection
	GlobalSection(ExtensibilityGlobals) = postSolution
		SolutionGuid = {5C88F6D2-E988-4B51-AEFE-5E79F294CDB8}
	EndGlobalSection
EndGlobal
